
Microsoft Visual Studio Solution File, Format Version 12.00
# Visual Studio Version 17
VisualStudioVersion = 17.9.34310.174
MinimumVisualStudioVersion = 10.0.40219.1
Project("{9A19103F-16F7-4668-BE54-9A1E7A4F7556}") = "ClearMapper", "ClearMapper\ClearMapper.csproj", "{396EC09D-44F7-410E-ACD2-E73854496DAB}"
EndProject
Project("{9A19103F-16F7-4668-BE54-9A1E7A4F7556}") = "ClearMapper.DependencyInjection", "ClearMapper.DependencyInjection\ClearMapper.DependencyInjection.csproj", "{89A5F275-31B7-4969-87C0-D995E35287BE}"
EndProject
Project("{9A19103F-16F7-4668-BE54-9A1E7A4F7556}") = "Sample", "Sample\Sample.csproj", "{B6956C09-5F42-4984-94B5-1B4ABFB3420C}"
EndProject
Global
	GlobalSection(SolutionConfigurationPlatforms) = preSolution
		Debug|Any CPU = Debug|Any CPU
		Release|Any CPU = Release|Any CPU
	EndGlobalSection
	GlobalSection(ProjectConfigurationPlatforms) = postSolution
		{396EC09D-44F7-410E-ACD2-E73854496DAB}.Debug|Any CPU.ActiveCfg = Debug|Any CPU
		{396EC09D-44F7-410E-ACD2-E73854496DAB}.Debug|Any CPU.Build.0 = Debug|Any CPU
		{396EC09D-44F7-410E-ACD2-E73854496DAB}.Release|Any CPU.ActiveCfg = Release|Any CPU
		{396EC09D-44F7-410E-ACD2-E73854496DAB}.Release|Any CPU.Build.0 = Release|Any CPU
		{89A5F275-31B7-4969-87C0-D995E35287BE}.Debug|Any CPU.ActiveCfg = Debug|Any CPU
		{89A5F275-31B7-4969-87C0-D995E35287BE}.Debug|Any CPU.Build.0 = Debug|Any CPU
		{89A5F275-31B7-4969-87C0-D995E35287BE}.Release|Any CPU.ActiveCfg = Release|Any CPU
		{89A5F275-31B7-4969-87C0-D995E35287BE}.Release|Any CPU.Build.0 = Release|Any CPU
		{B6956C09-5F42-4984-94B5-1B4ABFB3420C}.Debug|Any CPU.ActiveCfg = Debug|Any CPU
		{B6956C09-5F42-4984-94B5-1B4ABFB3420C}.Debug|Any CPU.Build.0 = Debug|Any CPU
		{B6956C09-5F42-4984-94B5-1B4ABFB3420C}.Release|Any CPU.ActiveCfg = Release|Any CPU
		{B6956C09-5F42-4984-94B5-1B4ABFB3420C}.Release|Any CPU.Build.0 = Release|Any CPU
	EndGlobalSection
	GlobalSection(SolutionProperties) = preSolution
		HideSolutionNode = FALSE
	EndGlobalSection
	GlobalSection(ExtensibilityGlobals) = postSolution
		SolutionGuid = {33ED135D-121D-432F-AFBD-D0C49FEB1363}
	EndGlobalSection
EndGlobal
