
Microsoft Visual Studio Solution File, Format Version 12.00
# Visual Studio Version 17
VisualStudioVersion = 17.9.34310.174
MinimumVisualStudioVersion = 10.0.40219.1
Project("{9A19103F-16F7-4668-BE54-9A1E7A4F7556}") = "CleverMapper", "CleverMapper\CleverMapper.csproj", "{293929A7-9462-4E96-B4D7-ADDE79992A73}"
EndProject
Project("{9A19103F-16F7-4668-BE54-9A1E7A4F7556}") = "CleverMapper.DependencyInjection", "CleverMapper.DependencyInjection\CleverMapper.DependencyInjection.csproj", "{5940B22F-2BD3-4315-B692-2A95CE6D2AFA}"
EndProject
Project("{9A19103F-16F7-4668-BE54-9A1E7A4F7556}") = "Sample", "Sample\Sample.csproj", "{538F5A31-4DCF-483D-9111-6E43539D67DE}"
EndProject
Global
	GlobalSection(SolutionConfigurationPlatforms) = preSolution
		Debug|Any CPU = Debug|Any CPU
		Release|Any CPU = Release|Any CPU
	EndGlobalSection
	GlobalSection(ProjectConfigurationPlatforms) = postSolution
		{293929A7-9462-4E96-B4D7-ADDE79992A73}.Debug|Any CPU.ActiveCfg = Debug|Any CPU
		{293929A7-9462-4E96-B4D7-ADDE79992A73}.Debug|Any CPU.Build.0 = Debug|Any CPU
		{293929A7-9462-4E96-B4D7-ADDE79992A73}.Release|Any CPU.ActiveCfg = Release|Any CPU
		{293929A7-9462-4E96-B4D7-ADDE79992A73}.Release|Any CPU.Build.0 = Release|Any CPU
		{5940B22F-2BD3-4315-B692-2A95CE6D2AFA}.Debug|Any CPU.ActiveCfg = Debug|Any CPU
		{5940B22F-2BD3-4315-B692-2A95CE6D2AFA}.Debug|Any CPU.Build.0 = Debug|Any CPU
		{5940B22F-2BD3-4315-B692-2A95CE6D2AFA}.Release|Any CPU.ActiveCfg = Release|Any CPU
		{5940B22F-2BD3-4315-B692-2A95CE6D2AFA}.Release|Any CPU.Build.0 = Release|Any CPU
		{538F5A31-4DCF-483D-9111-6E43539D67DE}.Debug|Any CPU.ActiveCfg = Debug|Any CPU
		{538F5A31-4DCF-483D-9111-6E43539D67DE}.Debug|Any CPU.Build.0 = Debug|Any CPU
		{538F5A31-4DCF-483D-9111-6E43539D67DE}.Release|Any CPU.ActiveCfg = Release|Any CPU
		{538F5A31-4DCF-483D-9111-6E43539D67DE}.Release|Any CPU.Build.0 = Release|Any CPU
	EndGlobalSection
	GlobalSection(SolutionProperties) = preSolution
		HideSolutionNode = FALSE
	EndGlobalSection
	GlobalSection(ExtensibilityGlobals) = postSolution
		SolutionGuid = {33ED135D-121D-432F-AFBD-D0C49FEB1363}
	EndGlobalSection
EndGlobal
